
Microsoft Visual Studio Solution File, Format Version 12.00
# Visual Studio 15
VisualStudioVersion = 15.0.28307.329
MinimumVisualStudioVersion = 10.0.40219.1
Project("{8BC9CEB8-8B4A-11D0-8D11-00A0C91BC942}") = "190613", "190613.vcxproj", "{A29FEE4E-7027-4696-96A9-FDFCA34A01AA}"
EndProject
Global
	GlobalSection(SolutionConfigurationPlatforms) = preSolution
		Debug|x64 = Debug|x64
		Debug|x86 = Debug|x86
		Release|x64 = Release|x64
		Release|x86 = Release|x86
	EndGlobalSection
	GlobalSection(ProjectConfigurationPlatforms) = postSolution
		{A29FEE4E-7027-4696-96A9-FDFCA34A01AA}.Debug|x64.ActiveCfg = Debug|x64
		{A29FEE4E-7027-4696-96A9-FDFCA34A01AA}.Debug|x64.Build.0 = Debug|x64
		{A29FEE4E-7027-4696-96A9-FDFCA34A01AA}.Debug|x86.ActiveCfg = Debug|Win32
		{A29FEE4E-7027-4696-96A9-FDFCA34A01AA}.Debug|x86.Build.0 = Debug|Win32
		{A29FEE4E-7027-4696-96A9-FDFCA34A01AA}.Release|x64.ActiveCfg = Release|x64
		{A29FEE4E-7027-4696-96A9-FDFCA34A01AA}.Release|x64.Build.0 = Release|x64
		{A29FEE4E-7027-4696-96A9-FDFCA34A01AA}.Release|x86.ActiveCfg = Release|Win32
		{A29FEE4E-7027-4696-96A9-FDFCA34A01AA}.Release|x86.Build.0 = Release|Win32
	EndGlobalSection
	GlobalSection(SolutionProperties) = preSolution
		HideSolutionNode = FALSE
	EndGlobalSection
	GlobalSection(ExtensibilityGlobals) = postSolution
		SolutionGuid = {98FE8BD3-8F7A-4A26-A039-1F878EA3C6A3}
	EndGlobalSection
EndGlobal
