
Microsoft Visual Studio Solution File, Format Version 12.00
# Visual Studio 15
VisualStudioVersion = 15.0.28307.329
MinimumVisualStudioVersion = 10.0.40219.1
Project("{8BC9CEB8-8B4A-11D0-8D11-00A0C91BC942}") = "190529", "190529.vcxproj", "{3D94DB1B-4B07-49C1-9B20-80FD407C0CBA}"
EndProject
Global
	GlobalSection(SolutionConfigurationPlatforms) = preSolution
		Debug|x64 = Debug|x64
		Debug|x86 = Debug|x86
		Release|x64 = Release|x64
		Release|x86 = Release|x86
	EndGlobalSection
	GlobalSection(ProjectConfigurationPlatforms) = postSolution
		{3D94DB1B-4B07-49C1-9B20-80FD407C0CBA}.Debug|x64.ActiveCfg = Debug|x64
		{3D94DB1B-4B07-49C1-9B20-80FD407C0CBA}.Debug|x64.Build.0 = Debug|x64
		{3D94DB1B-4B07-49C1-9B20-80FD407C0CBA}.Debug|x86.ActiveCfg = Debug|Win32
		{3D94DB1B-4B07-49C1-9B20-80FD407C0CBA}.Debug|x86.Build.0 = Debug|Win32
		{3D94DB1B-4B07-49C1-9B20-80FD407C0CBA}.Release|x64.ActiveCfg = Release|x64
		{3D94DB1B-4B07-49C1-9B20-80FD407C0CBA}.Release|x64.Build.0 = Release|x64
		{3D94DB1B-4B07-49C1-9B20-80FD407C0CBA}.Release|x86.ActiveCfg = Release|Win32
		{3D94DB1B-4B07-49C1-9B20-80FD407C0CBA}.Release|x86.Build.0 = Release|Win32
	EndGlobalSection
	GlobalSection(SolutionProperties) = preSolution
		HideSolutionNode = FALSE
	EndGlobalSection
	GlobalSection(ExtensibilityGlobals) = postSolution
		SolutionGuid = {A844D5CE-A9C9-4696-AE1C-3ACE33C9E3E1}
	EndGlobalSection
EndGlobal
