
Microsoft Visual Studio Solution File, Format Version 12.00
# Visual Studio 15
VisualStudioVersion = 15.0.28307.329
MinimumVisualStudioVersion = 10.0.40219.1
Project("{8BC9CEB8-8B4A-11D0-8D11-00A0C91BC942}") = "190605", "190605.vcxproj", "{64FAA758-60DE-4331-835A-A6B008991303}"
EndProject
Global
	GlobalSection(SolutionConfigurationPlatforms) = preSolution
		Debug|x64 = Debug|x64
		Debug|x86 = Debug|x86
		Release|x64 = Release|x64
		Release|x86 = Release|x86
	EndGlobalSection
	GlobalSection(ProjectConfigurationPlatforms) = postSolution
		{64FAA758-60DE-4331-835A-A6B008991303}.Debug|x64.ActiveCfg = Debug|x64
		{64FAA758-60DE-4331-835A-A6B008991303}.Debug|x64.Build.0 = Debug|x64
		{64FAA758-60DE-4331-835A-A6B008991303}.Debug|x86.ActiveCfg = Debug|Win32
		{64FAA758-60DE-4331-835A-A6B008991303}.Debug|x86.Build.0 = Debug|Win32
		{64FAA758-60DE-4331-835A-A6B008991303}.Release|x64.ActiveCfg = Release|x64
		{64FAA758-60DE-4331-835A-A6B008991303}.Release|x64.Build.0 = Release|x64
		{64FAA758-60DE-4331-835A-A6B008991303}.Release|x86.ActiveCfg = Release|Win32
		{64FAA758-60DE-4331-835A-A6B008991303}.Release|x86.Build.0 = Release|Win32
	EndGlobalSection
	GlobalSection(SolutionProperties) = preSolution
		HideSolutionNode = FALSE
	EndGlobalSection
	GlobalSection(ExtensibilityGlobals) = postSolution
		SolutionGuid = {AB18CD74-4A2F-4A3B-B7C8-38971A394721}
	EndGlobalSection
EndGlobal
